<?xml version="1.0" encoding="utf-8"?>
<Project ToolsVersion="4.0" xmlns="http://schemas.microsoft.com/developer/msbuild/2003">
  <ItemGroup>
    <Filter Include="Source">
      <UniqueIdentifier>{4FC737F1-C7A5-4376-A066-2A32D752A2FF}</UniqueIdentifier>
      <Extensions>cpp;c;cc;cxx;c++;def;odl;idl;hpj;bat;asm;asmx</Extensions>
    </Filter>
    <Filter Include="Header">
      <UniqueIdentifier>{93995380-89BD-4b04-88EB-625FBE52EBFB}</UniqueIdentifier>
      <Extensions>h;hh;hpp;hxx;h++;hm;inl;inc;ipp;xsd</Extensions>
    </Filter>
    <Filter Include="Source\Gameprocess">
      <UniqueIdentifier>{fcd5031a-84f1-4237-b87e-13560b93a319}</UniqueIdentifier>
    </Filter>
    <Filter Include="pch">
      <UniqueIdentifier>{65a58ecd-bb25-4f40-99ff-39eccab70af4}</UniqueIdentifier>
    </Filter>
    <Filter Include="Source\Model">
      <UniqueIdentifier>{fcfdb1c3-429e-4d1f-846e-76e4247c2061}</UniqueIdentifier>
    </Filter>
    <Filter Include="Shader">
      <UniqueIdentifier>{cf181d44-d200-4167-87ad-2b96e1e6ee0a}</UniqueIdentifier>
    </Filter>
    <Filter Include="Source\Map">
      <UniqueIdentifier>{f00ba176-2a7f-4c6b-a1a1-d64d17b189f2}</UniqueIdentifier>
    </Filter>
    <Filter Include="Source\Player">
      <UniqueIdentifier>{245c0345-6732-4cef-b806-a6b6d93a5b15}</UniqueIdentifier>
    </Filter>
    <Filter Include="Source\Input">
      <UniqueIdentifier>{a8232799-bbb9-459e-a27b-59e64dce5004}</UniqueIdentifier>
    </Filter>
    <Filter Include="Resource">
      <UniqueIdentifier>{67DA6AB6-F800-4c08-8B7A-83BB121AAD01}</UniqueIdentifier>
      <Extensions>rc;ico;cur;bmp;dlg;rc2;rct;bin;rgs;gif;jpg;jpeg;jpe;resx;tiff;tif;png;wav;mfcribbon-ms</Extensions>
    </Filter>
  </ItemGroup>
  <ItemGroup>
    <ClInclude Include="framework.h">
      <Filter>Header</Filter>
    </ClInclude>
    <ClInclude Include="targetver.h">
      <Filter>Header</Filter>
    </ClInclude>
    <ClInclude Include="Resource.h">
      <Filter>Header</Filter>
    </ClInclude>
    <ClInclude Include="TestBuild.h">
      <Filter>Header</Filter>
    </ClInclude>
    <ClInclude Include="Gameprocess.h">
      <Filter>Source\Gameprocess</Filter>
    </ClInclude>
    <ClInclude Include="pch.h">
      <Filter>pch</Filter>
    </ClInclude>
    <ClInclude Include="Model.h">
      <Filter>Source\Model</Filter>
    </ClInclude>
    <ClInclude Include="Map.h">
      <Filter>Source\Map</Filter>
    </ClInclude>
    <ClInclude Include="Player.h">
      <Filter>Source\Player</Filter>
    </ClInclude>
    <ClInclude Include="Input.h">
      <Filter>Source\Input</Filter>
    </ClInclude>
  </ItemGroup>
  <ItemGroup>
    <ClCompile Include="TestBuild.cpp">
      <Filter>Source</Filter>
    </ClCompile>
    <ClCompile Include="Gameprocess.cpp">
      <Filter>Source\Gameprocess</Filter>
    </ClCompile>
    <ClCompile Include="pch.cpp">
      <Filter>pch</Filter>
    </ClCompile>
    <ClCompile Include="Model.cpp">
      <Filter>Source\Model</Filter>
    </ClCompile>
    <ClCompile Include="Map.cpp">
      <Filter>Source\Map</Filter>
    </ClCompile>
    <ClCompile Include="Player.cpp">
      <Filter>Source\Player</Filter>
    </ClCompile>
    <ClCompile Include="Input.cpp">
      <Filter>Source\Input</Filter>
    </ClCompile>
  </ItemGroup>
  <ItemGroup>
    <ResourceCompile Include="TestBuild.rc">
      <Filter>Resource</Filter>
    </ResourceCompile>
  </ItemGroup>
  <ItemGroup>
    <Image Include="small.ico">
      <Filter>Resource</Filter>
    </Image>
    <Image Include="TestBuild.ico">
      <Filter>Resource</Filter>
    </Image>
  </ItemGroup>
  <ItemGroup>
    <FxCompile Include="..\Shader\Axis.fx">
      <Filter>Shader</Filter>
    </FxCompile>
    <FxCompile Include="..\Shader\Box.fx">
      <Filter>Shader</Filter>
    </FxCompile>
    <FxCompile Include="..\Shader\Default.fx">
      <Filter>Shader</Filter>
    </FxCompile>
    <FxCompile Include="..\Shader\Depth.fx">
      <Filter>Shader</Filter>
    </FxCompile>
    <FxCompile Include="..\Shader\Light.fx">
      <Filter>Shader</Filter>
    </FxCompile>
    <FxCompile Include="..\Shader\Line.fx">
      <Filter>Shader</Filter>
    </FxCompile>
    <FxCompile Include="..\Shader\ShadowMap.fx">
      <Filter>Shader</Filter>
    </FxCompile>
    <FxCompile Include="..\Shader\Terrain.fx">
      <Filter>Shader</Filter>
    </FxCompile>
    <FxCompile Include="..\Shader\UI.fx">
      <Filter>Shader</Filter>
    </FxCompile>
    <FxCompile Include="..\Shader\Skinned_Mesh.fx">
      <Filter>Shader</Filter>
    </FxCompile>
    <FxCompile Include="..\Shader\SkyBox.fx">
      <Filter>Shader</Filter>
    </FxCompile>
    <FxCompile Include="..\Shader\Static_Mesh.fx">
      <Filter>Shader</Filter>
    </FxCompile>
    <FxCompile Include="..\Shader\PBRCommon.fx">
      <Filter>Shader</Filter>
    </FxCompile>
    <FxCompile Include="..\Shader\Fog.fx">
      <Filter>Shader</Filter>
    </FxCompile>
    <FxCompile Include="..\Shader\Blur.fx">
      <Filter>Shader</Filter>
    </FxCompile>
    <FxCompile Include="..\Shader\Shadow.fx">
      <Filter>Shader</Filter>
    </FxCompile>
    <FxCompile Include="..\Shader\Bloom.fx">
      <Filter>Shader</Filter>
    </FxCompile>
    <FxCompile Include="..\Shader\ChannelView.fx">
      <Filter>Shader</Filter>
    </FxCompile>
  </ItemGroup>
</Project>